
Microsoft Visual Studio Solution File, Format Version 12.00
# Visual Studio 2013
VisualStudioVersion = 12.0.30501.0
MinimumVisualStudioVersion = 10.0.40219.1
Project("{FAE04EC0-301F-11D3-BF4B-00C04F79EFBC}") = "FormApp", "FormApp\FormApp.csproj", "{B6C9DF7E-C6AF-4ECC-B4EB-4BEA2D93D022}"
EndProject
Project("{E24C65DC-7377-472B-9ABA-BC803B73C61A}") = "WebApp(3)", "http://localhost:17280", "{A89AA833-A0FF-4816-871B-5A5D9BFBBDD3}"
	ProjectSection(WebsiteProperties) = preProject
		UseIISExpress = "true"
		TargetFrameworkMoniker = ".NETFramework,Version%3Dv4.5"
		Debug.AspNetCompiler.VirtualPath = "/localhost_17280"
		Debug.AspNetCompiler.PhysicalPath = "WebApp\"
		Debug.AspNetCompiler.TargetPath = "PrecompiledWeb\localhost_17280\"
		Debug.AspNetCompiler.Updateable = "true"
		Debug.AspNetCompiler.ForceOverwrite = "true"
		Debug.AspNetCompiler.FixedNames = "false"
		Debug.AspNetCompiler.Debug = "True"
		Release.AspNetCompiler.VirtualPath = "/localhost_17280"
		Release.AspNetCompiler.PhysicalPath = "WebApp\"
		Release.AspNetCompiler.TargetPath = "PrecompiledWeb\localhost_17280\"
		Release.AspNetCompiler.Updateable = "true"
		Release.AspNetCompiler.ForceOverwrite = "true"
		Release.AspNetCompiler.FixedNames = "false"
		Release.AspNetCompiler.Debug = "False"
		SlnRelativePath = "WebApp\"
		DefaultWebSiteLanguage = "Visual C#"
	EndProjectSection
EndProject
Global
	GlobalSection(SolutionConfigurationPlatforms) = preSolution
		Debug|Any CPU = Debug|Any CPU
		Release|Any CPU = Release|Any CPU
	EndGlobalSection
	GlobalSection(ProjectConfigurationPlatforms) = postSolution
		{B6C9DF7E-C6AF-4ECC-B4EB-4BEA2D93D022}.Debug|Any CPU.ActiveCfg = Debug|Any CPU
		{B6C9DF7E-C6AF-4ECC-B4EB-4BEA2D93D022}.Debug|Any CPU.Build.0 = Debug|Any CPU
		{B6C9DF7E-C6AF-4ECC-B4EB-4BEA2D93D022}.Release|Any CPU.ActiveCfg = Release|Any CPU
		{B6C9DF7E-C6AF-4ECC-B4EB-4BEA2D93D022}.Release|Any CPU.Build.0 = Release|Any CPU
		{A89AA833-A0FF-4816-871B-5A5D9BFBBDD3}.Debug|Any CPU.ActiveCfg = Debug|Any CPU
		{A89AA833-A0FF-4816-871B-5A5D9BFBBDD3}.Debug|Any CPU.Build.0 = Debug|Any CPU
		{A89AA833-A0FF-4816-871B-5A5D9BFBBDD3}.Release|Any CPU.ActiveCfg = Debug|Any CPU
		{A89AA833-A0FF-4816-871B-5A5D9BFBBDD3}.Release|Any CPU.Build.0 = Debug|Any CPU
	EndGlobalSection
	GlobalSection(SolutionProperties) = preSolution
		HideSolutionNode = FALSE
	EndGlobalSection
EndGlobal
